
Microsoft Visual Studio Solution File, Format Version 12.00
# Visual Studio Version 17
VisualStudioVersion = 17.11.35303.130
MinimumVisualStudioVersion = 10.0.40219.1
Project("{FAE04EC0-301F-11D3-BF4B-00C04F79EFBC}") = "PR1_Kiku_Khamukov_322", "PR1_Kiku_Khamukov_322\PR1_Kiku_Khamukov_322.csproj", "{83D54B01-355F-45C1-A650-20FA1E27FB01}"
EndProject
Global
	GlobalSection(SolutionConfigurationPlatforms) = preSolution
		Debug|Any CPU = Debug|Any CPU
		Release|Any CPU = Release|Any CPU
	EndGlobalSection
	GlobalSection(ProjectConfigurationPlatforms) = postSolution
		{83D54B01-355F-45C1-A650-20FA1E27FB01}.Debug|Any CPU.ActiveCfg = Debug|Any CPU
		{83D54B01-355F-45C1-A650-20FA1E27FB01}.Debug|Any CPU.Build.0 = Debug|Any CPU
		{83D54B01-355F-45C1-A650-20FA1E27FB01}.Release|Any CPU.ActiveCfg = Release|Any CPU
		{83D54B01-355F-45C1-A650-20FA1E27FB01}.Release|Any CPU.Build.0 = Release|Any CPU
	EndGlobalSection
	GlobalSection(SolutionProperties) = preSolution
		HideSolutionNode = FALSE
	EndGlobalSection
	GlobalSection(ExtensibilityGlobals) = postSolution
		SolutionGuid = {C1D1C872-8512-4A7D-8B81-9251128F3643}
	EndGlobalSection
EndGlobal
